
Microsoft Visual Studio Solution File, Format Version 12.00
# Visual Studio Version 16
VisualStudioVersion = 16.0.31702.278
MinimumVisualStudioVersion = 10.0.40219.1
Project("{FAE04EC0-301F-11D3-BF4B-00C04F79EFBC}") = "CuadrosTexto", "CuadrosTexto\CuadrosTexto.csproj", "{E6B86451-866A-4911-B28E-BEFC12A6689D}"
EndProject
Global
	GlobalSection(SolutionConfigurationPlatforms) = preSolution
		Debug|Any CPU = Debug|Any CPU
		Release|Any CPU = Release|Any CPU
	EndGlobalSection
	GlobalSection(ProjectConfigurationPlatforms) = postSolution
		{E6B86451-866A-4911-B28E-BEFC12A6689D}.Debug|Any CPU.ActiveCfg = Debug|Any CPU
		{E6B86451-866A-4911-B28E-BEFC12A6689D}.Debug|Any CPU.Build.0 = Debug|Any CPU
		{E6B86451-866A-4911-B28E-BEFC12A6689D}.Release|Any CPU.ActiveCfg = Release|Any CPU
		{E6B86451-866A-4911-B28E-BEFC12A6689D}.Release|Any CPU.Build.0 = Release|Any CPU
	EndGlobalSection
	GlobalSection(SolutionProperties) = preSolution
		HideSolutionNode = FALSE
	EndGlobalSection
	GlobalSection(ExtensibilityGlobals) = postSolution
		SolutionGuid = {BC555EA1-E941-459D-A5CE-B97538F7EB38}
	EndGlobalSection
EndGlobal
